
Microsoft Visual Studio Solution File, Format Version 12.00
# Visual Studio Version 16
VisualStudioVersion = 16.0.32106.194
MinimumVisualStudioVersion = 10.0.40219.1
Project("{9A19103F-16F7-4668-BE54-9A1E7A4F7556}") = "DogsApi", "DogsApi\DogsApi.csproj", "{86DD8360-59F9-469D-83D7-367F1EFF39BB}"
EndProject
Project("{9A19103F-16F7-4668-BE54-9A1E7A4F7556}") = "Entities", "Entities\Entities.csproj", "{E613F02C-82A3-43EA-B9C1-410FA877C28B}"
EndProject
Project("{FAE04EC0-301F-11D3-BF4B-00C04F79EFBC}") = "Declarations", "Declarations\Declarations.csproj", "{4E93BB37-75AA-4A34-A98F-31CA26F1C5B2}"
EndProject
Project("{FAE04EC0-301F-11D3-BF4B-00C04F79EFBC}") = "Repository", "Repository\Repository.csproj", "{D61491A2-042B-4CF8-AC5F-FC214BE5F20F}"
EndProject
Global
	GlobalSection(SolutionConfigurationPlatforms) = preSolution
		Debug|Any CPU = Debug|Any CPU
		Release|Any CPU = Release|Any CPU
	EndGlobalSection
	GlobalSection(ProjectConfigurationPlatforms) = postSolution
		{86DD8360-59F9-469D-83D7-367F1EFF39BB}.Debug|Any CPU.ActiveCfg = Debug|Any CPU
		{86DD8360-59F9-469D-83D7-367F1EFF39BB}.Debug|Any CPU.Build.0 = Debug|Any CPU
		{86DD8360-59F9-469D-83D7-367F1EFF39BB}.Release|Any CPU.ActiveCfg = Release|Any CPU
		{86DD8360-59F9-469D-83D7-367F1EFF39BB}.Release|Any CPU.Build.0 = Release|Any CPU
		{E613F02C-82A3-43EA-B9C1-410FA877C28B}.Debug|Any CPU.ActiveCfg = Debug|Any CPU
		{E613F02C-82A3-43EA-B9C1-410FA877C28B}.Debug|Any CPU.Build.0 = Debug|Any CPU
		{E613F02C-82A3-43EA-B9C1-410FA877C28B}.Release|Any CPU.ActiveCfg = Release|Any CPU
		{E613F02C-82A3-43EA-B9C1-410FA877C28B}.Release|Any CPU.Build.0 = Release|Any CPU
		{4E93BB37-75AA-4A34-A98F-31CA26F1C5B2}.Debug|Any CPU.ActiveCfg = Debug|Any CPU
		{4E93BB37-75AA-4A34-A98F-31CA26F1C5B2}.Debug|Any CPU.Build.0 = Debug|Any CPU
		{4E93BB37-75AA-4A34-A98F-31CA26F1C5B2}.Release|Any CPU.ActiveCfg = Release|Any CPU
		{4E93BB37-75AA-4A34-A98F-31CA26F1C5B2}.Release|Any CPU.Build.0 = Release|Any CPU
		{D61491A2-042B-4CF8-AC5F-FC214BE5F20F}.Debug|Any CPU.ActiveCfg = Debug|Any CPU
		{D61491A2-042B-4CF8-AC5F-FC214BE5F20F}.Debug|Any CPU.Build.0 = Debug|Any CPU
		{D61491A2-042B-4CF8-AC5F-FC214BE5F20F}.Release|Any CPU.ActiveCfg = Release|Any CPU
		{D61491A2-042B-4CF8-AC5F-FC214BE5F20F}.Release|Any CPU.Build.0 = Release|Any CPU
	EndGlobalSection
	GlobalSection(SolutionProperties) = preSolution
		HideSolutionNode = FALSE
	EndGlobalSection
	GlobalSection(ExtensibilityGlobals) = postSolution
		SolutionGuid = {4DD3D2E7-0473-4851-8A65-C5D10813913A}
	EndGlobalSection
EndGlobal
